{
  "name": "kimlik-dogrulama",
  "version": "1.0.2",
  "lockfileVersion": 3,
  "requires": true,
  "packages": {
    "": {
      "name": "kimlik-dogrulama",
      "version": "1.0.2",
      "license": "MIT",
      "dependencies": {
        "kimlik-dogrulama": "^1.0.2"
      }
    },
    "node_modules/kimlik-dogrulama": {
      "version": "1.0.2",
      "resolved": "https://registry.npmjs.org/kimlik-dogrulama/-/kimlik-dogrulama-1.0.2.tgz",
      "integrity": "sha512-I/3yxLMJc08d8Olo4+PhKv8H++/0wxC5avkDwQs4np1YN6XrhXCxyXtMSyyF7P7MHNeyIrxfCG15Qu0yV8pncg=="
    }
  }
}
